
Microsoft Visual Studio Solution File, Format Version 12.00
# Visual Studio 2013
VisualStudioVersion = 12.0.30723.0
MinimumVisualStudioVersion = 10.0.40219.1
Project("{FAE04EC0-301F-11D3-BF4B-00C04F79EFBC}") = "ColorCow", "ColorCow.csproj", "{4FC88CED-4A3F-4753-AD05-2E5BFA7AD8AB}"
EndProject
Project("{2150E333-8FDC-42A3-9474-1A3956D46DE8}") = ".nuget", ".nuget", "{4128C204-E6BD-44B1-AEAE-207711E40887}"
	ProjectSection(SolutionItems) = preProject
		.nuget\NuGet.Config = .nuget\NuGet.Config
		.nuget\NuGet.exe = .nuget\NuGet.exe
		.nuget\NuGet.targets = .nuget\NuGet.targets
	EndProjectSection
EndProject
Global
	GlobalSection(SolutionConfigurationPlatforms) = preSolution
		Debug|Any CPU = Debug|Any CPU
		Release|Any CPU = Release|Any CPU
	EndGlobalSection
	GlobalSection(ProjectConfigurationPlatforms) = postSolution
		{4FC88CED-4A3F-4753-AD05-2E5BFA7AD8AB}.Debug|Any CPU.ActiveCfg = Debug|Any CPU
		{4FC88CED-4A3F-4753-AD05-2E5BFA7AD8AB}.Debug|Any CPU.Build.0 = Debug|Any CPU
		{4FC88CED-4A3F-4753-AD05-2E5BFA7AD8AB}.Release|Any CPU.ActiveCfg = Release|Any CPU
		{4FC88CED-4A3F-4753-AD05-2E5BFA7AD8AB}.Release|Any CPU.Build.0 = Release|Any CPU
	EndGlobalSection
	GlobalSection(SolutionProperties) = preSolution
		HideSolutionNode = FALSE
	EndGlobalSection
EndGlobal
